// !$*UTF8*$!
{
	archiveVersion = 1;
	classes = {
	};
	objectVersion = 50;
	objects = {

/* Begin PBXBuildFile section */
		9E64430820DC197200B08BD2 /* AppDelegate.swift in Sources */ = {isa = PBXBuildFile; fileRef = 9E64430720DC197200B08BD2 /* AppDelegate.swift */; };
		9E64430A20DC197200B08BD2 /* ViewController.swift in Sources */ = {isa = PBXBuildFile; fileRef = 9E64430920DC197200B08BD2 /* ViewController.swift */; };
		9E64430D20DC197200B08BD2 /* Main.storyboard in Resources */ = {isa = PBXBuildFile; fileRef = 9E64430B20DC197200B08BD2 /* Main.storyboard */; };
		9E64431020DC197200B08BD2 /* Day_by_Day_list.xcdatamodeld in Sources */ = {isa = PBXBuildFile; fileRef = 9E64430E20DC197200B08BD2 /* Day_by_Day_list.xcdatamodeld */; };
		9E64431220DC197400B08BD2 /* Assets.xcassets in Resources */ = {isa = PBXBuildFile; fileRef = 9E64431120DC197400B08BD2 /* Assets.xcassets */; };
		9E64431520DC197400B08BD2 /* LaunchScreen.storyboard in Resources */ = {isa = PBXBuildFile; fileRef = 9E64431320DC197400B08BD2 /* LaunchScreen.storyboard */; };
		9E64431F20DC272600B08BD2 /* MainTableController.swift in Sources */ = {isa = PBXBuildFile; fileRef = 9E64431E20DC272600B08BD2 /* MainTableController.swift */; };
/* End PBXBuildFile section */

/* Begin PBXFileReference section */
		9E64430420DC197200B08BD2 /* Day by Day list.app */ = {isa = PBXFileReference; explicitFileType = wrapper.application; includeInIndex = 0; path = "Day by Day list.app"; sourceTree = BUILT_PRODUCTS_DIR; };
		9E64430720DC197200B08BD2 /* AppDelegate.swift */ = {isa = PBXFileReference; lastKnownFileType = sourcecode.swift; path = AppDelegate.swift; sourceTree = "<group>"; };
		9E64430920DC197200B08BD2 /* ViewController.swift */ = {isa = PBXFileReference; lastKnownFileType = sourcecode.swift; path = ViewController.swift; sourceTree = "<group>"; };
		9E64430C20DC197200B08BD2 /* Base */ = {isa = PBXFileReference; lastKnownFileType = file.storyboard; name = Base; path = Base.lproj/Main.storyboard; sourceTree = "<group>"; };
		9E64430F20DC197200B08BD2 /* Day_by_Day_list.xcdatamodel */ = {isa = PBXFileReference; lastKnownFileType = wrapper.xcdatamodel; path = Day_by_Day_list.xcdatamodel; sourceTree = "<group>"; };
		9E64431120DC197400B08BD2 /* Assets.xcassets */ = {isa = PBXFileReference; lastKnownFileType = folder.assetcatalog; path = Assets.xcassets; sourceTree = "<group>"; };
		9E64431420DC197400B08BD2 /* Base */ = {isa = PBXFileReference; lastKnownFileType = file.storyboard; name = Base; path = Base.lproj/LaunchScreen.storyboard; sourceTree = "<group>"; };
		9E64431620DC197400B08BD2 /* Info.plist */ = {isa = PBXFileReference; lastKnownFileType = text.plist.xml; path = Info.plist; sourceTree = "<group>"; };
		9E64431E20DC272600B08BD2 /* MainTableController.swift */ = {isa = PBXFileReference; lastKnownFileType = sourcecode.swift; path = MainTableController.swift; sourceTree = "<group>"; };
/* End PBXFileReference section */

/* Begin PBXFrameworksBuildPhase section */
		9E64430120DC197200B08BD2 /* Frameworks */ = {
			isa = PBXFrameworksBuildPhase;
			buildActionMask = 2147483647;
			files = (
			);
			runOnlyForDeploymentPostprocessing = 0;
		};
/* End PBXFrameworksBuildPhase section */

/* Begin PBXGroup section */
		9E6442FB20DC197200B08BD2 = {
			isa = PBXGroup;
			children = (
				9E64430620DC197200B08BD2 /* Day by Day list */,
				9E64430520DC197200B08BD2 /* Products */,
			);
			sourceTree = "<group>";
		};
		9E64430520DC197200B08BD2 /* Products */ = {
			isa = PBXGroup;
			children = (
				9E64430420DC197200B08BD2 /* Day by Day list.app */,
			);
			name = Products;
			sourceTree = "<group>";
		};
		9E64430620DC197200B08BD2 /* Day by Day list */ = {
			isa = PBXGroup;
			children = (
				9E64430720DC197200B08BD2 /* AppDelegate.swift */,
				9E64430920DC197200B08BD2 /* ViewController.swift */,
				9E64431E20DC272600B08BD2 /* MainTableController.swift */,
				9E64430B20DC197200B08BD2 /* Main.storyboard */,
				9E64431120DC197400B08BD2 /* Assets.xcassets */,
				9E64431320DC197400B08BD2 /* LaunchScreen.storyboard */,
				9E64431620DC197400B08BD2 /* Info.plist */,
				9E64430E20DC197200B08BD2 /* Day_by_Day_list.xcdatamodeld */,
			);
			path = "Day by Day list";
			sourceTree = "<group>";
		};
/* End PBXGroup section */

/* Begin PBXNativeTarget section */
		9E64430320DC197200B08BD2 /* Day by Day list */ = {
			isa = PBXNativeTarget;
			buildConfigurationList = 9E64431920DC197400B08BD2 /* Build configuration list for PBXNativeTarget "Day by Day list" */;
			buildPhases = (
				9E64430020DC197200B08BD2 /* Sources */,
				9E64430120DC197200B08BD2 /* Frameworks */,
				9E64430220DC197200B08BD2 /* Resources */,
			);
			buildRules = (
			);
			dependencies = (
			);
			name = "Day by Day list";
			productName = "Day by Day list";
			productReference = 9E64430420DC197200B08BD2 /* Day by Day list.app */;
			productType = "com.apple.product-type.application";
		};
/* End PBXNativeTarget section */

/* Begin PBXProject section */
		9E6442FC20DC197200B08BD2 /* Project object */ = {
			isa = PBXProject;
			attributes = {
				LastSwiftUpdateCheck = 0940;
				LastUpgradeCheck = 0940;
				ORGANIZATIONNAME = Betye;
				TargetAttributes = {
					9E64430320DC197200B08BD2 = {
						CreatedOnToolsVersion = 9.4.1;
					};
				};
			};
			buildConfigurationList = 9E6442FF20DC197200B08BD2 /* Build configuration list for PBXProject "Day by Day list" */;
			compatibilityVersion = "Xcode 9.3";
			developmentRegion = en;
			hasScannedForEncodings = 0;
			knownRegions = (
				en,
				Base,
			);
			mainGroup = 9E6442FB20DC197200B08BD2;
			productRefGroup = 9E64430520DC197200B08BD2 /* Products */;
			projectDirPath = "";
			projectRoot = "";
			targets = (
				9E64430320DC197200B08BD2 /* Day by Day list */,
			);
		};
/* End PBXProject section */

/* Begin PBXResourcesBuildPhase section */
		9E64430220DC197200B08BD2 /* Resources */ = {
			isa = PBXResourcesBuildPhase;
			buildActionMask = 2147483647;
			files = (
				9E64431520DC197400B08BD2 /* LaunchScreen.storyboard in Resources */,
				9E64431220DC197400B08BD2 /* Assets.xcassets in Resources */,
				9E64430D20DC197200B08BD2 /* Main.storyboard in Resources */,
			);
			runOnlyForDeploymentPostprocessing = 0;
		};
/* End PBXResourcesBuildPhase section */

/* Begin PBXSourcesBuildPhase section */
		9E64430020DC197200B08BD2 /* Sources */ = {
			isa = PBXSourcesBuildPhase;
			buildActionMask = 2147483647;
			files = (
				9E64430A20DC197200B08BD2 /* ViewController.swift in Sources */,
				9E64431F20DC272600B08BD2 /* MainTableController.swift in Sources */,
				9E64430820DC197200B08BD2 /* AppDelegate.swift in Sources */,
				9E64431020DC197200B08BD2 /* Day_by_Day_list.xcdatamodeld in Sources */,
			);
			runOnlyForDeploymentPostprocessing = 0;
		};
/* End PBXSourcesBuildPhase section */

/* Begin PBXVariantGroup section */
		9E64430B20DC197200B08BD2 /* Main.storyboard */ = {
			isa = PBXVariantGroup;
			children = (
				9E64430C20DC197200B08BD2 /* Base */,
			);
			name = Main.storyboard;
			sourceTree = "<group>";
		};
		9E64431320DC197400B08BD2 /* LaunchScreen.storyboard */ = {
			isa = PBXVariantGroup;
			children = (
				9E64431420DC197400B08BD2 /* Base */,
			);
			name = LaunchScreen.storyboard;
			sourceTree = "<group>";
		};
/* End PBXVariantGroup section */

/* Begin XCBuildConfiguration section */
		9E64431720DC197400B08BD2 /* Debug */ = {
			isa = XCBuildConfiguration;
			buildSettings = {
				ALWAYS_SEARCH_USER_PATHS = NO;
				CLANG_ANALYZER_NONNULL = YES;
				CLANG_ANALYZER_NUMBER_OBJECT_CONVERSION = YES_AGGRESSIVE;
				CLANG_CXX_LANGUAGE_STANDARD = "gnu++14";
				CLANG_CXX_LIBRARY = "libc++";
				CLANG_ENABLE_MODULES = YES;
				CLANG_ENABLE_OBJC_ARC = YES;
				CLANG_ENABLE_OBJC_WEAK = YES;
				CLANG_WARN_BLOCK_CAPTURE_AUTORELEASING = YES;
				CLANG_WARN_BOOL_CONVERSION = YES;
				CLANG_WARN_COMMA = YES;
				CLANG_WARN_CONSTANT_CONVERSION = YES;
				CLANG_WARN_DEPRECATED_OBJC_IMPLEMENTATIONS = YES;
				CLANG_WARN_DIRECT_OBJC_ISA_USAGE = YES_ERROR;
				CLANG_WARN_DOCUMENTATION_COMMENTS = YES;
				CLANG_WARN_EMPTY_BODY = YES;
				CLANG_WARN_ENUM_CONVERSION = YES;
				CLANG_WARN_INFINITE_RECURSION = YES;
				CLANG_WARN_INT_CONVERSION = YES;
				CLANG_WARN_NON_LITERAL_NULL_CONVERSION = YES;
				CLANG_WARN_OBJC_IMPLICIT_RETAIN_SELF = YES;
				CLANG_WARN_OBJC_LITERAL_CONVERSION = YES;
				CLANG_WARN_OBJC_ROOT_CLASS = YES_ERROR;
				CLANG_WARN_RANGE_LOOP_ANALYSIS = YES;
				CLANG_WARN_STRICT_PROTOTYPES = YES;
				CLANG_WARN_SUSPICIOUS_MOVE = YES;
				CLANG_WARN_UNGUARDED_AVAILABILITY = YES_AGGRESSIVE;
				CLANG_WARN_UNREACHABLE_CODE = YES;
				CLANG_WARN__DUPLICATE_METHOD_MATCH = YES;
				CODE_SIGN_IDENTITY = "iPhone Developer";
				COPY_PHASE_STRIP = NO;
				DEBUG_INFORMATION_FORMAT = dwarf;
				ENABLE_STRICT_OBJC_MSGSEND = YES;
				ENABLE_TESTABILITY = YES;
				GCC_C_LANGUAGE_STANDARD = gnu11;
				GCC_DYNAMIC_NO_PIC = NO;
				GCC_NO_COMMON_BLOCKS = YES;
				GCC_OPTIMIZATION_LEVEL = 0;
				GCC_PREPROCESSOR_DEFINITIONS = (
					"DEBUG=1",
					"$(inherited)",
				);
				GCC_WARN_64_TO_32_BIT_CONVERSION = YES;
				GCC_WARN_ABOUT_RETURN_TYPE = YES_ERROR;
				GCC_WARN_UNDECLARED_SELECTOR = YES;
				GCC_WARN_UNINITIALIZED_AUTOS = YES_AGGRESSIVE;
				GCC_WARN_UNUSED_FUNCTION = YES;
				GCC_WARN_UNUSED_VARIABLE = YES;
				IPHONEOS_DEPLOYMENT_TARGET = 11.4;
				MTL_ENABLE_DEBUG_INFO = YES;
				ONLY_ACTIVE_ARCH = YES;
				SDKROOT = iphoneos;
				SWIFT_ACTIVE_COMPILATION_CONDITIONS = DEBUG;
				SWIFT_OPTIMIZATION_LEVEL = "-Onone";
			};
			name = Debug;
		};
		9E64431820DC197400B08BD2 /* Release */ = {
			isa = XCBuildConfiguration;
			buildSettings = {
				ALWAYS_SEARCH_USER_PATHS = NO;
				CLANG_ANALYZER_NONNULL = YES;
				CLANG_ANALYZER_NUMBER_OBJECT_CONVERSION = YES_AGGRESSIVE;
				CLANG_CXX_LANGUAGE_STANDARD = "gnu++14";
				CLANG_CXX_LIBRARY = "libc++";
				CLANG_ENABLE_MODULES = YES;
				CLANG_ENABLE_OBJC_ARC = YES;
				CLANG_ENABLE_OBJC_WEAK = YES;
				CLANG_WARN_BLOCK_CAPTURE_AUTORELEASING = YES;
				CLANG_WARN_BOOL_CONVERSION = YES;
				CLANG_WARN_COMMA = YES;
				CLANG_WARN_CONSTANT_CONVERSION = YES;
				CLANG_WARN_DEPRECATED_OBJC_IMPLEMENTATIONS = YES;
				CLANG_WARN_DIRECT_OBJC_ISA_USAGE = YES_ERROR;
				CLANG_WARN_DOCUMENTATION_COMMENTS = YES;
				CLANG_WARN_EMPTY_BODY = YES;
				CLANG_WARN_ENUM_CONVERSION = YES;
				CLANG_WARN_INFINITE_RECURSION = YES;
				CLANG_WARN_INT_CONVERSION = YES;
				CLANG_WARN_NON_LITERAL_NULL_CONVERSION = YES;
				CLANG_WARN_OBJC_IMPLICIT_RETAIN_SELF = YES;
				CLANG_WARN_OBJC_LITERAL_CONVERSION = YES;
				CLANG_WARN_OBJC_ROOT_CLASS = YES_ERROR;
				CLANG_WARN_RANGE_LOOP_ANALYSIS = YES;
				CLANG_WARN_STRICT_PROTOTYPES = YES;
				CLANG_WARN_SUSPICIOUS_MOVE = YES;
				CLANG_WARN_UNGUARDED_AVAILABILITY = YES_AGGRESSIVE;
				CLANG_WARN_UNREACHABLE_CODE = YES;
				CLANG_WARN__DUPLICATE_METHOD_MATCH = YES;
				CODE_SIGN_IDENTITY = "iPhone Developer";
				COPY_PHASE_STRIP = NO;
				DEBUG_INFORMATION_FORMAT = "dwarf-with-dsym";
				ENABLE_NS_ASSERTIONS = NO;
				ENABLE_STRICT_OBJC_MSGSEND = YES;
				GCC_C_LANGUAGE_STANDARD = gnu11;
				GCC_NO_COMMON_BLOCKS = YES;
				GCC_WARN_64_TO_32_BIT_CONVERSION = YES;
				GCC_WARN_ABOUT_RETURN_TYPE = YES_ERROR;
				GCC_WARN_UNDECLARED_SELECTOR = YES;
				GCC_WARN_UNINITIALIZED_AUTOS = YES_AGGRESSIVE;
				GCC_WARN_UNUSED_FUNCTION = YES;
				GCC_WARN_UNUSED_VARIABLE = YES;
				IPHONEOS_DEPLOYMENT_TARGET = 11.4;
				MTL_ENABLE_DEBUG_INFO = NO;
				SDKROOT = iphoneos;
				SWIFT_COMPILATION_MODE = wholemodule;
				SWIFT_OPTIMIZATION_LEVEL = "-O";
				VALIDATE_PRODUCT = YES;
			};
			name = Release;
		};
		9E64431A20DC197400B08BD2 /* Debug */ = {
			isa = XCBuildConfiguration;
			buildSettings = {
				ASSETCATALOG_COMPILER_APPICON_NAME = AppIcon;
				CODE_SIGN_STYLE = Automatic;
				INFOPLIST_FILE = "Day by Day list/Info.plist";
				LD_RUNPATH_SEARCH_PATHS = (
					"$(inherited)",
					"@executable_path/Frameworks",
				);
				PRODUCT_BUNDLE_IDENTIFIER = "come.Betyean.Day-by-Day-list";
				PRODUCT_NAME = "$(TARGET_NAME)";
				SWIFT_VERSION = 4.0;
				TARGETED_DEVICE_FAMILY = "1,2";
			};
			name = Debug;
		};
		9E64431B20DC197400B08BD2 /* Release */ = {
			isa = XCBuildConfiguration;
			buildSettings = {
				ASSETCATALOG_COMPILER_APPICON_NAME = AppIcon;
				CODE_SIGN_STYLE = Automatic;
				INFOPLIST_FILE = "Day by Day list/Info.plist";
				LD_RUNPATH_SEARCH_PATHS = (
					"$(inherited)",
					"@executable_path/Frameworks",
				);
				PRODUCT_BUNDLE_IDENTIFIER = "come.Betyean.Day-by-Day-list";
				PRODUCT_NAME = "$(TARGET_NAME)";
				SWIFT_VERSION = 4.0;
				TARGETED_DEVICE_FAMILY = "1,2";
			};
			name = Release;
		};
/* End XCBuildConfiguration section */

/* Begin XCConfigurationList section */
		9E6442FF20DC197200B08BD2 /* Build configuration list for PBXProject "Day by Day list" */ = {
			isa = XCConfigurationList;
			buildConfigurations = (
				9E64431720DC197400B08BD2 /* Debug */,
				9E64431820DC197400B08BD2 /* Release */,
			);
			defaultConfigurationIsVisible = 0;
			defaultConfigurationName = Release;
		};
		9E64431920DC197400B08BD2 /* Build configuration list for PBXNativeTarget "Day by Day list" */ = {
			isa = XCConfigurationList;
			buildConfigurations = (
				9E64431A20DC197400B08BD2 /* Debug */,
				9E64431B20DC197400B08BD2 /* Release */,
			);
			defaultConfigurationIsVisible = 0;
			defaultConfigurationName = Release;
		};
/* End XCConfigurationList section */

/* Begin XCVersionGroup section */
		9E64430E20DC197200B08BD2 /* Day_by_Day_list.xcdatamodeld */ = {
			isa = XCVersionGroup;
			children = (
				9E64430F20DC197200B08BD2 /* Day_by_Day_list.xcdatamodel */,
			);
			currentVersion = 9E64430F20DC197200B08BD2 /* Day_by_Day_list.xcdatamodel */;
			path = Day_by_Day_list.xcdatamodeld;
			sourceTree = "<group>";
			versionGroupType = wrapper.xcdatamodel;
		};
/* End XCVersionGroup section */
	};
	rootObject = 9E6442FC20DC197200B08BD2 /* Project object */;
}
